
Microsoft Visual Studio Solution File, Format Version 12.00
# Visual Studio Version 17
VisualStudioVersion = 17.10.35122.118
MinimumVisualStudioVersion = 10.0.40219.1
Project("{FAE04EC0-301F-11D3-BF4B-00C04F79EFBC}") = "Tesseract_NhanDienBiaSach", "Tesseract_NhanDienBiaSach\Tesseract_NhanDienBiaSach.csproj", "{0DA0D3C2-7386-49F3-B2F0-C530F66B9D9A}"
EndProject
Global
	GlobalSection(SolutionConfigurationPlatforms) = preSolution
		Debug|Any CPU = Debug|Any CPU
		Release|Any CPU = Release|Any CPU
	EndGlobalSection
	GlobalSection(ProjectConfigurationPlatforms) = postSolution
		{0DA0D3C2-7386-49F3-B2F0-C530F66B9D9A}.Debug|Any CPU.ActiveCfg = Debug|Any CPU
		{0DA0D3C2-7386-49F3-B2F0-C530F66B9D9A}.Debug|Any CPU.Build.0 = Debug|Any CPU
		{0DA0D3C2-7386-49F3-B2F0-C530F66B9D9A}.Release|Any CPU.ActiveCfg = Release|Any CPU
		{0DA0D3C2-7386-49F3-B2F0-C530F66B9D9A}.Release|Any CPU.Build.0 = Release|Any CPU
	EndGlobalSection
	GlobalSection(SolutionProperties) = preSolution
		HideSolutionNode = FALSE
	EndGlobalSection
	GlobalSection(ExtensibilityGlobals) = postSolution
		SolutionGuid = {1C74EF07-A5CD-40C9-893D-A2917C81334D}
	EndGlobalSection
EndGlobal
